
Microsoft Visual Studio Solution File, Format Version 12.00
# Visual Studio 2013
VisualStudioVersion = 12.0.40629.0
MinimumVisualStudioVersion = 10.0.40219.1
Project("{FAE04EC0-301F-11D3-BF4B-00C04F79EFBC}") = "UnitTestProject", "UnitTestProject\UnitTestProject.csproj", "{4CD6B61A-B8BA-4C76-B422-A18239C6D8E7}"
EndProject
Project("{2150E333-8FDC-42A3-9474-1A3956D46DE8}") = ".nuget", ".nuget", "{A5A38FC1-769A-437A-8A0B-693EBF1EE7EC}"
	ProjectSection(SolutionItems) = preProject
		.nuget\packages.config = .nuget\packages.config
	EndProjectSection
EndProject
Global
	GlobalSection(SolutionConfigurationPlatforms) = preSolution
		Debug|Any CPU = Debug|Any CPU
		Release|Any CPU = Release|Any CPU
	EndGlobalSection
	GlobalSection(ProjectConfigurationPlatforms) = postSolution
		{4CD6B61A-B8BA-4C76-B422-A18239C6D8E7}.Debug|Any CPU.ActiveCfg = Debug|Any CPU
		{4CD6B61A-B8BA-4C76-B422-A18239C6D8E7}.Debug|Any CPU.Build.0 = Debug|Any CPU
		{4CD6B61A-B8BA-4C76-B422-A18239C6D8E7}.Release|Any CPU.ActiveCfg = Release|Any CPU
		{4CD6B61A-B8BA-4C76-B422-A18239C6D8E7}.Release|Any CPU.Build.0 = Release|Any CPU
	EndGlobalSection
	GlobalSection(SolutionProperties) = preSolution
		HideSolutionNode = FALSE
	EndGlobalSection
EndGlobal
